{
  "object": {
    "pins": [
      {
        "package": "GoogleUserMessagingPlatform",
        "repositoryURL": "https://github.com/YurchukV/GoogleUserMessagingPlatform.git",
        "state": {
          "branch": null,
          "revision": "8a4ad8d7cec830f4e594165132c7b91781c3283d",
          "version": "2.0.0"
        }
      }
    ]
  },
  "version": 1
}
