{
  "object": {
    "pins": [
      {
        "package": "GoogleUserMessagingPlatform",
        "repositoryURL": "https://github.com/quanghits/GoogleUserMessagingPlatform.git",
        "state": {
          "branch": null,
          "revision": "f322d91b6b0497b727b228a5fa5b9394e7886d3a",
          "version": "1.2.0"
        }
      }
    ]
  },
  "version": 1
}
